{
    "name": "dept-validation",
    "requires": true,
    "lockfileVersion": 1,
    "dependencies": {
        "iban": {
            "version": "0.0.8",
            "resolved": "https://registry.npmjs.org/iban/-/iban-0.0.8.tgz",
            "integrity": "sha1-TyPSOtUEoxmjqfduyQkHu0E8rhg="
        },
        "luhn": {
            "version": "2.1.0",
            "resolved": "https://registry.npmjs.org/luhn/-/luhn-2.1.0.tgz",
            "integrity": "sha1-TQ1rt+jcgN0Jo0xC4EI8163x75o="
        }
    }
}
